
Microsoft Visual Studio Solution File, Format Version 12.00
# Visual Studio Version 17
VisualStudioVersion = 17.14.36127.28 d17.14
MinimumVisualStudioVersion = 10.0.40219.1
Project("{888888A0-9F3D-457C-B088-3A5042F75D52}") = "zuoyedaying", "zuoyedaying.pyproj", "{604D2092-F801-4A25-A7CA-0980137AD244}"
EndProject
Global
	GlobalSection(SolutionConfigurationPlatforms) = preSolution
		Debug|Any CPU = Debug|Any CPU
		Release|Any CPU = Release|Any CPU
	EndGlobalSection
	GlobalSection(ProjectConfigurationPlatforms) = postSolution
		{604D2092-F801-4A25-A7CA-0980137AD244}.Debug|Any CPU.ActiveCfg = Debug|Any CPU
		{604D2092-F801-4A25-A7CA-0980137AD244}.Release|Any CPU.ActiveCfg = Release|Any CPU
	EndGlobalSection
	GlobalSection(SolutionProperties) = preSolution
		HideSolutionNode = FALSE
	EndGlobalSection
	GlobalSection(ExtensibilityGlobals) = postSolution
		SolutionGuid = {91854FE9-AFC1-41FC-808D-46D0FBE8B8C4}
	EndGlobalSection
EndGlobal
